
Microsoft Visual Studio Solution File, Format Version 12.00
# Visual Studio 15
Project("{2150E333-8FDC-42A3-9474-1A3956D46DE8}") = "CMakePredefinedTargets", "CMakePredefinedTargets", "{D6683714-1E71-34D9-B46F-EEBDBEB51C75}"
EndProject
Project("{2150E333-8FDC-42A3-9474-1A3956D46DE8}") = "External", "External", "{94CB20F5-B4C4-352A-997C-ECC687585A8B}"
EndProject
Project("{2150E333-8FDC-42A3-9474-1A3956D46DE8}") = "Internal", "Internal", "{CEC67BD4-CDD3-36D0-9C27-06146B59B349}"
EndProject
Project("{2150E333-8FDC-42A3-9474-1A3956D46DE8}") = "Utils", "Utils", "{94DF5B75-4EC0-3100-8FD1-FAB1629A99A1}"
EndProject
Project("{8BC9CEB8-8B4A-11D0-8D11-00A0C91BC942}") = "ALL_BUILD", "ALL_BUILD.vcxproj", "{47FD59A3-D00D-3F33-AE35-99B64A80F4D2}"
	ProjectSection(ProjectDependencies) = postProject
		{7F30616D-2C31-3CEA-B118-482A73D82537} = {7F30616D-2C31-3CEA-B118-482A73D82537}
		{EFAEEB26-6091-3F7E-8CF3-780DBA97D9B9} = {EFAEEB26-6091-3F7E-8CF3-780DBA97D9B9}
		{2891A915-8D2A-387B-8E98-82A4830BD6EB} = {2891A915-8D2A-387B-8E98-82A4830BD6EB}
		{BBB53C2C-78DE-3204-A974-420A23666068} = {BBB53C2C-78DE-3204-A974-420A23666068}
		{47CD34A0-6EAA-3752-A6BF-53D814BDCD21} = {47CD34A0-6EAA-3752-A6BF-53D814BDCD21}
		{44587C80-B06D-33B4-8A71-BD03445C2210} = {44587C80-B06D-33B4-8A71-BD03445C2210}
		{E52E8B26-B178-3037-AB11-50AC47EA63F1} = {E52E8B26-B178-3037-AB11-50AC47EA63F1}
		{DD4FD2F5-9F78-3048-9405-D8E37C176279} = {DD4FD2F5-9F78-3048-9405-D8E37C176279}
		{49D88021-9789-32E6-85AC-DBE7866CB837} = {49D88021-9789-32E6-85AC-DBE7866CB837}
		{0A03E265-C51E-3039-B976-ADD1E080B5CE} = {0A03E265-C51E-3039-B976-ADD1E080B5CE}
		{B99AD3C2-4558-30E5-84D2-AD78FBBB33A2} = {B99AD3C2-4558-30E5-84D2-AD78FBBB33A2}
		{B9A07BA6-4EFB-3F7A-937B-55AC525F140A} = {B9A07BA6-4EFB-3F7A-937B-55AC525F140A}
		{9793E1C3-A376-37B9-93D2-ED2800F762AD} = {9793E1C3-A376-37B9-93D2-ED2800F762AD}
		{93500A53-247F-3D86-93E8-8DC3A0BB0A10} = {93500A53-247F-3D86-93E8-8DC3A0BB0A10}
		{5367720F-2CD2-373D-8E82-6AB9A1CDC76B} = {5367720F-2CD2-373D-8E82-6AB9A1CDC76B}
		{894AA61D-5683-32E7-BA8A-FF1B1EC9B299} = {894AA61D-5683-32E7-BA8A-FF1B1EC9B299}
		{37A74A5F-209C-3699-B6DD-D12FBADF01B2} = {37A74A5F-209C-3699-B6DD-D12FBADF01B2}
		{A57B4CF0-532C-3107-B3A5-BFF32462EAF8} = {A57B4CF0-532C-3107-B3A5-BFF32462EAF8}
		{6D6DF21B-13CA-3875-AC49-8F8B93A0CEF9} = {6D6DF21B-13CA-3875-AC49-8F8B93A0CEF9}
	EndProjectSection
EndProject
Project("{8BC9CEB8-8B4A-11D0-8D11-00A0C91BC942}") = "COPY_LUA-word", "COPY_LUA-word.vcxproj", "{7F30616D-2C31-3CEA-B118-482A73D82537}"
	ProjectSection(ProjectDependencies) = postProject
		{2891A915-8D2A-387B-8E98-82A4830BD6EB} = {2891A915-8D2A-387B-8E98-82A4830BD6EB}
	EndProjectSection
EndProject
Project("{8BC9CEB8-8B4A-11D0-8D11-00A0C91BC942}") = "SYNC_RESOURCE-word", "SYNC_RESOURCE-word.vcxproj", "{EFAEEB26-6091-3F7E-8CF3-780DBA97D9B9}"
	ProjectSection(ProjectDependencies) = postProject
		{2891A915-8D2A-387B-8E98-82A4830BD6EB} = {2891A915-8D2A-387B-8E98-82A4830BD6EB}
	EndProjectSection
EndProject
Project("{8BC9CEB8-8B4A-11D0-8D11-00A0C91BC942}") = "ZERO_CHECK", "ZERO_CHECK.vcxproj", "{2891A915-8D2A-387B-8E98-82A4830BD6EB}"
	ProjectSection(ProjectDependencies) = postProject
	EndProjectSection
EndProject
Project("{8BC9CEB8-8B4A-11D0-8D11-00A0C91BC942}") = "cocos2d", "engine\cocos\core\cocos2d.vcxproj", "{BBB53C2C-78DE-3204-A974-420A23666068}"
	ProjectSection(ProjectDependencies) = postProject
		{2891A915-8D2A-387B-8E98-82A4830BD6EB} = {2891A915-8D2A-387B-8E98-82A4830BD6EB}
		{47CD34A0-6EAA-3752-A6BF-53D814BDCD21} = {47CD34A0-6EAA-3752-A6BF-53D814BDCD21}
		{44587C80-B06D-33B4-8A71-BD03445C2210} = {44587C80-B06D-33B4-8A71-BD03445C2210}
		{E52E8B26-B178-3037-AB11-50AC47EA63F1} = {E52E8B26-B178-3037-AB11-50AC47EA63F1}
		{49D88021-9789-32E6-85AC-DBE7866CB837} = {49D88021-9789-32E6-85AC-DBE7866CB837}
		{0A03E265-C51E-3039-B976-ADD1E080B5CE} = {0A03E265-C51E-3039-B976-ADD1E080B5CE}
		{B99AD3C2-4558-30E5-84D2-AD78FBBB33A2} = {B99AD3C2-4558-30E5-84D2-AD78FBBB33A2}
		{B9A07BA6-4EFB-3F7A-937B-55AC525F140A} = {B9A07BA6-4EFB-3F7A-937B-55AC525F140A}
		{93500A53-247F-3D86-93E8-8DC3A0BB0A10} = {93500A53-247F-3D86-93E8-8DC3A0BB0A10}
		{5367720F-2CD2-373D-8E82-6AB9A1CDC76B} = {5367720F-2CD2-373D-8E82-6AB9A1CDC76B}
		{894AA61D-5683-32E7-BA8A-FF1B1EC9B299} = {894AA61D-5683-32E7-BA8A-FF1B1EC9B299}
		{37A74A5F-209C-3699-B6DD-D12FBADF01B2} = {37A74A5F-209C-3699-B6DD-D12FBADF01B2}
	EndProjectSection
EndProject
Project("{8BC9CEB8-8B4A-11D0-8D11-00A0C91BC942}") = "ext_clipper", "engine\external\clipper\ext_clipper.vcxproj", "{47CD34A0-6EAA-3752-A6BF-53D814BDCD21}"
	ProjectSection(ProjectDependencies) = postProject
		{2891A915-8D2A-387B-8E98-82A4830BD6EB} = {2891A915-8D2A-387B-8E98-82A4830BD6EB}
	EndProjectSection
EndProject
Project("{8BC9CEB8-8B4A-11D0-8D11-00A0C91BC942}") = "ext_convertUTF", "engine\external\ConvertUTF\ext_convertUTF.vcxproj", "{44587C80-B06D-33B4-8A71-BD03445C2210}"
	ProjectSection(ProjectDependencies) = postProject
		{2891A915-8D2A-387B-8E98-82A4830BD6EB} = {2891A915-8D2A-387B-8E98-82A4830BD6EB}
	EndProjectSection
EndProject
Project("{8BC9CEB8-8B4A-11D0-8D11-00A0C91BC942}") = "ext_edtaa3func", "engine\external\edtaa3func\ext_edtaa3func.vcxproj", "{E52E8B26-B178-3037-AB11-50AC47EA63F1}"
	ProjectSection(ProjectDependencies) = postProject
		{2891A915-8D2A-387B-8E98-82A4830BD6EB} = {2891A915-8D2A-387B-8E98-82A4830BD6EB}
	EndProjectSection
EndProject
Project("{8BC9CEB8-8B4A-11D0-8D11-00A0C91BC942}") = "ext_luasocket", "engine\external\lua\luasocket\ext_luasocket.vcxproj", "{DD4FD2F5-9F78-3048-9405-D8E37C176279}"
	ProjectSection(ProjectDependencies) = postProject
		{2891A915-8D2A-387B-8E98-82A4830BD6EB} = {2891A915-8D2A-387B-8E98-82A4830BD6EB}
	EndProjectSection
EndProject
Project("{8BC9CEB8-8B4A-11D0-8D11-00A0C91BC942}") = "ext_md5", "engine\external\md5\ext_md5.vcxproj", "{49D88021-9789-32E6-85AC-DBE7866CB837}"
	ProjectSection(ProjectDependencies) = postProject
		{2891A915-8D2A-387B-8E98-82A4830BD6EB} = {2891A915-8D2A-387B-8E98-82A4830BD6EB}
	EndProjectSection
EndProject
Project("{8BC9CEB8-8B4A-11D0-8D11-00A0C91BC942}") = "ext_poly2tri", "engine\external\poly2tri\ext_poly2tri.vcxproj", "{0A03E265-C51E-3039-B976-ADD1E080B5CE}"
	ProjectSection(ProjectDependencies) = postProject
		{2891A915-8D2A-387B-8E98-82A4830BD6EB} = {2891A915-8D2A-387B-8E98-82A4830BD6EB}
	EndProjectSection
EndProject
Project("{8BC9CEB8-8B4A-11D0-8D11-00A0C91BC942}") = "ext_recast", "engine\external\recast\ext_recast.vcxproj", "{B99AD3C2-4558-30E5-84D2-AD78FBBB33A2}"
	ProjectSection(ProjectDependencies) = postProject
		{2891A915-8D2A-387B-8E98-82A4830BD6EB} = {2891A915-8D2A-387B-8E98-82A4830BD6EB}
	EndProjectSection
EndProject
Project("{8BC9CEB8-8B4A-11D0-8D11-00A0C91BC942}") = "ext_tinyxml2", "engine\external\tinyxml2\ext_tinyxml2.vcxproj", "{B9A07BA6-4EFB-3F7A-937B-55AC525F140A}"
	ProjectSection(ProjectDependencies) = postProject
		{2891A915-8D2A-387B-8E98-82A4830BD6EB} = {2891A915-8D2A-387B-8E98-82A4830BD6EB}
	EndProjectSection
EndProject
Project("{8BC9CEB8-8B4A-11D0-8D11-00A0C91BC942}") = "ext_tolua", "engine\external\lua\tolua\ext_tolua.vcxproj", "{9793E1C3-A376-37B9-93D2-ED2800F762AD}"
	ProjectSection(ProjectDependencies) = postProject
		{2891A915-8D2A-387B-8E98-82A4830BD6EB} = {2891A915-8D2A-387B-8E98-82A4830BD6EB}
	EndProjectSection
EndProject
Project("{8BC9CEB8-8B4A-11D0-8D11-00A0C91BC942}") = "ext_unzip", "engine\external\unzip\ext_unzip.vcxproj", "{93500A53-247F-3D86-93E8-8DC3A0BB0A10}"
	ProjectSection(ProjectDependencies) = postProject
		{2891A915-8D2A-387B-8E98-82A4830BD6EB} = {2891A915-8D2A-387B-8E98-82A4830BD6EB}
	EndProjectSection
EndProject
Project("{8BC9CEB8-8B4A-11D0-8D11-00A0C91BC942}") = "ext_xxhash", "engine\external\xxhash\ext_xxhash.vcxproj", "{5367720F-2CD2-373D-8E82-6AB9A1CDC76B}"
	ProjectSection(ProjectDependencies) = postProject
		{2891A915-8D2A-387B-8E98-82A4830BD6EB} = {2891A915-8D2A-387B-8E98-82A4830BD6EB}
	EndProjectSection
EndProject
Project("{8BC9CEB8-8B4A-11D0-8D11-00A0C91BC942}") = "ext_xxtea", "engine\external\xxtea\ext_xxtea.vcxproj", "{894AA61D-5683-32E7-BA8A-FF1B1EC9B299}"
	ProjectSection(ProjectDependencies) = postProject
		{2891A915-8D2A-387B-8E98-82A4830BD6EB} = {2891A915-8D2A-387B-8E98-82A4830BD6EB}
	EndProjectSection
EndProject
Project("{8BC9CEB8-8B4A-11D0-8D11-00A0C91BC942}") = "external", "engine\external\external.vcxproj", "{37A74A5F-209C-3699-B6DD-D12FBADF01B2}"
	ProjectSection(ProjectDependencies) = postProject
		{2891A915-8D2A-387B-8E98-82A4830BD6EB} = {2891A915-8D2A-387B-8E98-82A4830BD6EB}
		{47CD34A0-6EAA-3752-A6BF-53D814BDCD21} = {47CD34A0-6EAA-3752-A6BF-53D814BDCD21}
		{44587C80-B06D-33B4-8A71-BD03445C2210} = {44587C80-B06D-33B4-8A71-BD03445C2210}
		{E52E8B26-B178-3037-AB11-50AC47EA63F1} = {E52E8B26-B178-3037-AB11-50AC47EA63F1}
		{49D88021-9789-32E6-85AC-DBE7866CB837} = {49D88021-9789-32E6-85AC-DBE7866CB837}
		{0A03E265-C51E-3039-B976-ADD1E080B5CE} = {0A03E265-C51E-3039-B976-ADD1E080B5CE}
		{B99AD3C2-4558-30E5-84D2-AD78FBBB33A2} = {B99AD3C2-4558-30E5-84D2-AD78FBBB33A2}
		{B9A07BA6-4EFB-3F7A-937B-55AC525F140A} = {B9A07BA6-4EFB-3F7A-937B-55AC525F140A}
		{93500A53-247F-3D86-93E8-8DC3A0BB0A10} = {93500A53-247F-3D86-93E8-8DC3A0BB0A10}
		{5367720F-2CD2-373D-8E82-6AB9A1CDC76B} = {5367720F-2CD2-373D-8E82-6AB9A1CDC76B}
		{894AA61D-5683-32E7-BA8A-FF1B1EC9B299} = {894AA61D-5683-32E7-BA8A-FF1B1EC9B299}
	EndProjectSection
EndProject
Project("{8BC9CEB8-8B4A-11D0-8D11-00A0C91BC942}") = "luacocos2d", "engine\cocos\lua-bindings\luacocos2d.vcxproj", "{A57B4CF0-532C-3107-B3A5-BFF32462EAF8}"
	ProjectSection(ProjectDependencies) = postProject
		{2891A915-8D2A-387B-8E98-82A4830BD6EB} = {2891A915-8D2A-387B-8E98-82A4830BD6EB}
		{BBB53C2C-78DE-3204-A974-420A23666068} = {BBB53C2C-78DE-3204-A974-420A23666068}
		{47CD34A0-6EAA-3752-A6BF-53D814BDCD21} = {47CD34A0-6EAA-3752-A6BF-53D814BDCD21}
		{44587C80-B06D-33B4-8A71-BD03445C2210} = {44587C80-B06D-33B4-8A71-BD03445C2210}
		{E52E8B26-B178-3037-AB11-50AC47EA63F1} = {E52E8B26-B178-3037-AB11-50AC47EA63F1}
		{DD4FD2F5-9F78-3048-9405-D8E37C176279} = {DD4FD2F5-9F78-3048-9405-D8E37C176279}
		{49D88021-9789-32E6-85AC-DBE7866CB837} = {49D88021-9789-32E6-85AC-DBE7866CB837}
		{0A03E265-C51E-3039-B976-ADD1E080B5CE} = {0A03E265-C51E-3039-B976-ADD1E080B5CE}
		{B99AD3C2-4558-30E5-84D2-AD78FBBB33A2} = {B99AD3C2-4558-30E5-84D2-AD78FBBB33A2}
		{B9A07BA6-4EFB-3F7A-937B-55AC525F140A} = {B9A07BA6-4EFB-3F7A-937B-55AC525F140A}
		{9793E1C3-A376-37B9-93D2-ED2800F762AD} = {9793E1C3-A376-37B9-93D2-ED2800F762AD}
		{93500A53-247F-3D86-93E8-8DC3A0BB0A10} = {93500A53-247F-3D86-93E8-8DC3A0BB0A10}
		{5367720F-2CD2-373D-8E82-6AB9A1CDC76B} = {5367720F-2CD2-373D-8E82-6AB9A1CDC76B}
		{894AA61D-5683-32E7-BA8A-FF1B1EC9B299} = {894AA61D-5683-32E7-BA8A-FF1B1EC9B299}
		{37A74A5F-209C-3699-B6DD-D12FBADF01B2} = {37A74A5F-209C-3699-B6DD-D12FBADF01B2}
	EndProjectSection
EndProject
Project("{8BC9CEB8-8B4A-11D0-8D11-00A0C91BC942}") = "word", "word.vcxproj", "{6D6DF21B-13CA-3875-AC49-8F8B93A0CEF9}"
	ProjectSection(ProjectDependencies) = postProject
		{7F30616D-2C31-3CEA-B118-482A73D82537} = {7F30616D-2C31-3CEA-B118-482A73D82537}
		{EFAEEB26-6091-3F7E-8CF3-780DBA97D9B9} = {EFAEEB26-6091-3F7E-8CF3-780DBA97D9B9}
		{2891A915-8D2A-387B-8E98-82A4830BD6EB} = {2891A915-8D2A-387B-8E98-82A4830BD6EB}
		{BBB53C2C-78DE-3204-A974-420A23666068} = {BBB53C2C-78DE-3204-A974-420A23666068}
		{47CD34A0-6EAA-3752-A6BF-53D814BDCD21} = {47CD34A0-6EAA-3752-A6BF-53D814BDCD21}
		{44587C80-B06D-33B4-8A71-BD03445C2210} = {44587C80-B06D-33B4-8A71-BD03445C2210}
		{E52E8B26-B178-3037-AB11-50AC47EA63F1} = {E52E8B26-B178-3037-AB11-50AC47EA63F1}
		{DD4FD2F5-9F78-3048-9405-D8E37C176279} = {DD4FD2F5-9F78-3048-9405-D8E37C176279}
		{49D88021-9789-32E6-85AC-DBE7866CB837} = {49D88021-9789-32E6-85AC-DBE7866CB837}
		{0A03E265-C51E-3039-B976-ADD1E080B5CE} = {0A03E265-C51E-3039-B976-ADD1E080B5CE}
		{B99AD3C2-4558-30E5-84D2-AD78FBBB33A2} = {B99AD3C2-4558-30E5-84D2-AD78FBBB33A2}
		{B9A07BA6-4EFB-3F7A-937B-55AC525F140A} = {B9A07BA6-4EFB-3F7A-937B-55AC525F140A}
		{9793E1C3-A376-37B9-93D2-ED2800F762AD} = {9793E1C3-A376-37B9-93D2-ED2800F762AD}
		{93500A53-247F-3D86-93E8-8DC3A0BB0A10} = {93500A53-247F-3D86-93E8-8DC3A0BB0A10}
		{5367720F-2CD2-373D-8E82-6AB9A1CDC76B} = {5367720F-2CD2-373D-8E82-6AB9A1CDC76B}
		{894AA61D-5683-32E7-BA8A-FF1B1EC9B299} = {894AA61D-5683-32E7-BA8A-FF1B1EC9B299}
		{37A74A5F-209C-3699-B6DD-D12FBADF01B2} = {37A74A5F-209C-3699-B6DD-D12FBADF01B2}
		{A57B4CF0-532C-3107-B3A5-BFF32462EAF8} = {A57B4CF0-532C-3107-B3A5-BFF32462EAF8}
	EndProjectSection
EndProject
Global
	GlobalSection(SolutionConfigurationPlatforms) = preSolution
		Debug|Win32 = Debug|Win32
		Release|Win32 = Release|Win32
		MinSizeRel|Win32 = MinSizeRel|Win32
		RelWithDebInfo|Win32 = RelWithDebInfo|Win32
	EndGlobalSection
	GlobalSection(ProjectConfigurationPlatforms) = postSolution
		{47FD59A3-D00D-3F33-AE35-99B64A80F4D2}.Debug|Win32.ActiveCfg = Debug|Win32
		{47FD59A3-D00D-3F33-AE35-99B64A80F4D2}.Release|Win32.ActiveCfg = Release|Win32
		{47FD59A3-D00D-3F33-AE35-99B64A80F4D2}.MinSizeRel|Win32.ActiveCfg = MinSizeRel|Win32
		{47FD59A3-D00D-3F33-AE35-99B64A80F4D2}.RelWithDebInfo|Win32.ActiveCfg = RelWithDebInfo|Win32
		{7F30616D-2C31-3CEA-B118-482A73D82537}.Debug|Win32.ActiveCfg = Debug|Win32
		{7F30616D-2C31-3CEA-B118-482A73D82537}.Debug|Win32.Build.0 = Debug|Win32
		{7F30616D-2C31-3CEA-B118-482A73D82537}.Release|Win32.ActiveCfg = Release|Win32
		{7F30616D-2C31-3CEA-B118-482A73D82537}.Release|Win32.Build.0 = Release|Win32
		{7F30616D-2C31-3CEA-B118-482A73D82537}.MinSizeRel|Win32.ActiveCfg = MinSizeRel|Win32
		{7F30616D-2C31-3CEA-B118-482A73D82537}.MinSizeRel|Win32.Build.0 = MinSizeRel|Win32
		{7F30616D-2C31-3CEA-B118-482A73D82537}.RelWithDebInfo|Win32.ActiveCfg = RelWithDebInfo|Win32
		{7F30616D-2C31-3CEA-B118-482A73D82537}.RelWithDebInfo|Win32.Build.0 = RelWithDebInfo|Win32
		{EFAEEB26-6091-3F7E-8CF3-780DBA97D9B9}.Debug|Win32.ActiveCfg = Debug|Win32
		{EFAEEB26-6091-3F7E-8CF3-780DBA97D9B9}.Debug|Win32.Build.0 = Debug|Win32
		{EFAEEB26-6091-3F7E-8CF3-780DBA97D9B9}.Release|Win32.ActiveCfg = Release|Win32
		{EFAEEB26-6091-3F7E-8CF3-780DBA97D9B9}.Release|Win32.Build.0 = Release|Win32
		{EFAEEB26-6091-3F7E-8CF3-780DBA97D9B9}.MinSizeRel|Win32.ActiveCfg = MinSizeRel|Win32
		{EFAEEB26-6091-3F7E-8CF3-780DBA97D9B9}.MinSizeRel|Win32.Build.0 = MinSizeRel|Win32
		{EFAEEB26-6091-3F7E-8CF3-780DBA97D9B9}.RelWithDebInfo|Win32.ActiveCfg = RelWithDebInfo|Win32
		{EFAEEB26-6091-3F7E-8CF3-780DBA97D9B9}.RelWithDebInfo|Win32.Build.0 = RelWithDebInfo|Win32
		{2891A915-8D2A-387B-8E98-82A4830BD6EB}.Debug|Win32.ActiveCfg = Debug|Win32
		{2891A915-8D2A-387B-8E98-82A4830BD6EB}.Debug|Win32.Build.0 = Debug|Win32
		{2891A915-8D2A-387B-8E98-82A4830BD6EB}.Release|Win32.ActiveCfg = Release|Win32
		{2891A915-8D2A-387B-8E98-82A4830BD6EB}.Release|Win32.Build.0 = Release|Win32
		{2891A915-8D2A-387B-8E98-82A4830BD6EB}.MinSizeRel|Win32.ActiveCfg = MinSizeRel|Win32
		{2891A915-8D2A-387B-8E98-82A4830BD6EB}.MinSizeRel|Win32.Build.0 = MinSizeRel|Win32
		{2891A915-8D2A-387B-8E98-82A4830BD6EB}.RelWithDebInfo|Win32.ActiveCfg = RelWithDebInfo|Win32
		{2891A915-8D2A-387B-8E98-82A4830BD6EB}.RelWithDebInfo|Win32.Build.0 = RelWithDebInfo|Win32
		{BBB53C2C-78DE-3204-A974-420A23666068}.Debug|Win32.ActiveCfg = Debug|Win32
		{BBB53C2C-78DE-3204-A974-420A23666068}.Debug|Win32.Build.0 = Debug|Win32
		{BBB53C2C-78DE-3204-A974-420A23666068}.Release|Win32.ActiveCfg = Release|Win32
		{BBB53C2C-78DE-3204-A974-420A23666068}.Release|Win32.Build.0 = Release|Win32
		{BBB53C2C-78DE-3204-A974-420A23666068}.MinSizeRel|Win32.ActiveCfg = MinSizeRel|Win32
		{BBB53C2C-78DE-3204-A974-420A23666068}.MinSizeRel|Win32.Build.0 = MinSizeRel|Win32
		{BBB53C2C-78DE-3204-A974-420A23666068}.RelWithDebInfo|Win32.ActiveCfg = RelWithDebInfo|Win32
		{BBB53C2C-78DE-3204-A974-420A23666068}.RelWithDebInfo|Win32.Build.0 = RelWithDebInfo|Win32
		{47CD34A0-6EAA-3752-A6BF-53D814BDCD21}.Debug|Win32.ActiveCfg = Debug|Win32
		{47CD34A0-6EAA-3752-A6BF-53D814BDCD21}.Debug|Win32.Build.0 = Debug|Win32
		{47CD34A0-6EAA-3752-A6BF-53D814BDCD21}.Release|Win32.ActiveCfg = Release|Win32
		{47CD34A0-6EAA-3752-A6BF-53D814BDCD21}.Release|Win32.Build.0 = Release|Win32
		{47CD34A0-6EAA-3752-A6BF-53D814BDCD21}.MinSizeRel|Win32.ActiveCfg = MinSizeRel|Win32
		{47CD34A0-6EAA-3752-A6BF-53D814BDCD21}.MinSizeRel|Win32.Build.0 = MinSizeRel|Win32
		{47CD34A0-6EAA-3752-A6BF-53D814BDCD21}.RelWithDebInfo|Win32.ActiveCfg = RelWithDebInfo|Win32
		{47CD34A0-6EAA-3752-A6BF-53D814BDCD21}.RelWithDebInfo|Win32.Build.0 = RelWithDebInfo|Win32
		{44587C80-B06D-33B4-8A71-BD03445C2210}.Debug|Win32.ActiveCfg = Debug|Win32
		{44587C80-B06D-33B4-8A71-BD03445C2210}.Debug|Win32.Build.0 = Debug|Win32
		{44587C80-B06D-33B4-8A71-BD03445C2210}.Release|Win32.ActiveCfg = Release|Win32
		{44587C80-B06D-33B4-8A71-BD03445C2210}.Release|Win32.Build.0 = Release|Win32
		{44587C80-B06D-33B4-8A71-BD03445C2210}.MinSizeRel|Win32.ActiveCfg = MinSizeRel|Win32
		{44587C80-B06D-33B4-8A71-BD03445C2210}.MinSizeRel|Win32.Build.0 = MinSizeRel|Win32
		{44587C80-B06D-33B4-8A71-BD03445C2210}.RelWithDebInfo|Win32.ActiveCfg = RelWithDebInfo|Win32
		{44587C80-B06D-33B4-8A71-BD03445C2210}.RelWithDebInfo|Win32.Build.0 = RelWithDebInfo|Win32
		{E52E8B26-B178-3037-AB11-50AC47EA63F1}.Debug|Win32.ActiveCfg = Debug|Win32
		{E52E8B26-B178-3037-AB11-50AC47EA63F1}.Debug|Win32.Build.0 = Debug|Win32
		{E52E8B26-B178-3037-AB11-50AC47EA63F1}.Release|Win32.ActiveCfg = Release|Win32
		{E52E8B26-B178-3037-AB11-50AC47EA63F1}.Release|Win32.Build.0 = Release|Win32
		{E52E8B26-B178-3037-AB11-50AC47EA63F1}.MinSizeRel|Win32.ActiveCfg = MinSizeRel|Win32
		{E52E8B26-B178-3037-AB11-50AC47EA63F1}.MinSizeRel|Win32.Build.0 = MinSizeRel|Win32
		{E52E8B26-B178-3037-AB11-50AC47EA63F1}.RelWithDebInfo|Win32.ActiveCfg = RelWithDebInfo|Win32
		{E52E8B26-B178-3037-AB11-50AC47EA63F1}.RelWithDebInfo|Win32.Build.0 = RelWithDebInfo|Win32
		{DD4FD2F5-9F78-3048-9405-D8E37C176279}.Debug|Win32.ActiveCfg = Debug|Win32
		{DD4FD2F5-9F78-3048-9405-D8E37C176279}.Debug|Win32.Build.0 = Debug|Win32
		{DD4FD2F5-9F78-3048-9405-D8E37C176279}.Release|Win32.ActiveCfg = Release|Win32
		{DD4FD2F5-9F78-3048-9405-D8E37C176279}.Release|Win32.Build.0 = Release|Win32
		{DD4FD2F5-9F78-3048-9405-D8E37C176279}.MinSizeRel|Win32.ActiveCfg = MinSizeRel|Win32
		{DD4FD2F5-9F78-3048-9405-D8E37C176279}.MinSizeRel|Win32.Build.0 = MinSizeRel|Win32
		{DD4FD2F5-9F78-3048-9405-D8E37C176279}.RelWithDebInfo|Win32.ActiveCfg = RelWithDebInfo|Win32
		{DD4FD2F5-9F78-3048-9405-D8E37C176279}.RelWithDebInfo|Win32.Build.0 = RelWithDebInfo|Win32
		{49D88021-9789-32E6-85AC-DBE7866CB837}.Debug|Win32.ActiveCfg = Debug|Win32
		{49D88021-9789-32E6-85AC-DBE7866CB837}.Debug|Win32.Build.0 = Debug|Win32
		{49D88021-9789-32E6-85AC-DBE7866CB837}.Release|Win32.ActiveCfg = Release|Win32
		{49D88021-9789-32E6-85AC-DBE7866CB837}.Release|Win32.Build.0 = Release|Win32
		{49D88021-9789-32E6-85AC-DBE7866CB837}.MinSizeRel|Win32.ActiveCfg = MinSizeRel|Win32
		{49D88021-9789-32E6-85AC-DBE7866CB837}.MinSizeRel|Win32.Build.0 = MinSizeRel|Win32
		{49D88021-9789-32E6-85AC-DBE7866CB837}.RelWithDebInfo|Win32.ActiveCfg = RelWithDebInfo|Win32
		{49D88021-9789-32E6-85AC-DBE7866CB837}.RelWithDebInfo|Win32.Build.0 = RelWithDebInfo|Win32
		{0A03E265-C51E-3039-B976-ADD1E080B5CE}.Debug|Win32.ActiveCfg = Debug|Win32
		{0A03E265-C51E-3039-B976-ADD1E080B5CE}.Debug|Win32.Build.0 = Debug|Win32
		{0A03E265-C51E-3039-B976-ADD1E080B5CE}.Release|Win32.ActiveCfg = Release|Win32
		{0A03E265-C51E-3039-B976-ADD1E080B5CE}.Release|Win32.Build.0 = Release|Win32
		{0A03E265-C51E-3039-B976-ADD1E080B5CE}.MinSizeRel|Win32.ActiveCfg = MinSizeRel|Win32
		{0A03E265-C51E-3039-B976-ADD1E080B5CE}.MinSizeRel|Win32.Build.0 = MinSizeRel|Win32
		{0A03E265-C51E-3039-B976-ADD1E080B5CE}.RelWithDebInfo|Win32.ActiveCfg = RelWithDebInfo|Win32
		{0A03E265-C51E-3039-B976-ADD1E080B5CE}.RelWithDebInfo|Win32.Build.0 = RelWithDebInfo|Win32
		{B99AD3C2-4558-30E5-84D2-AD78FBBB33A2}.Debug|Win32.ActiveCfg = Debug|Win32
		{B99AD3C2-4558-30E5-84D2-AD78FBBB33A2}.Debug|Win32.Build.0 = Debug|Win32
		{B99AD3C2-4558-30E5-84D2-AD78FBBB33A2}.Release|Win32.ActiveCfg = Release|Win32
		{B99AD3C2-4558-30E5-84D2-AD78FBBB33A2}.Release|Win32.Build.0 = Release|Win32
		{B99AD3C2-4558-30E5-84D2-AD78FBBB33A2}.MinSizeRel|Win32.ActiveCfg = MinSizeRel|Win32
		{B99AD3C2-4558-30E5-84D2-AD78FBBB33A2}.MinSizeRel|Win32.Build.0 = MinSizeRel|Win32
		{B99AD3C2-4558-30E5-84D2-AD78FBBB33A2}.RelWithDebInfo|Win32.ActiveCfg = RelWithDebInfo|Win32
		{B99AD3C2-4558-30E5-84D2-AD78FBBB33A2}.RelWithDebInfo|Win32.Build.0 = RelWithDebInfo|Win32
		{B9A07BA6-4EFB-3F7A-937B-55AC525F140A}.Debug|Win32.ActiveCfg = Debug|Win32
		{B9A07BA6-4EFB-3F7A-937B-55AC525F140A}.Debug|Win32.Build.0 = Debug|Win32
		{B9A07BA6-4EFB-3F7A-937B-55AC525F140A}.Release|Win32.ActiveCfg = Release|Win32
		{B9A07BA6-4EFB-3F7A-937B-55AC525F140A}.Release|Win32.Build.0 = Release|Win32
		{B9A07BA6-4EFB-3F7A-937B-55AC525F140A}.MinSizeRel|Win32.ActiveCfg = MinSizeRel|Win32
		{B9A07BA6-4EFB-3F7A-937B-55AC525F140A}.MinSizeRel|Win32.Build.0 = MinSizeRel|Win32
		{B9A07BA6-4EFB-3F7A-937B-55AC525F140A}.RelWithDebInfo|Win32.ActiveCfg = RelWithDebInfo|Win32
		{B9A07BA6-4EFB-3F7A-937B-55AC525F140A}.RelWithDebInfo|Win32.Build.0 = RelWithDebInfo|Win32
		{9793E1C3-A376-37B9-93D2-ED2800F762AD}.Debug|Win32.ActiveCfg = Debug|Win32
		{9793E1C3-A376-37B9-93D2-ED2800F762AD}.Debug|Win32.Build.0 = Debug|Win32
		{9793E1C3-A376-37B9-93D2-ED2800F762AD}.Release|Win32.ActiveCfg = Release|Win32
		{9793E1C3-A376-37B9-93D2-ED2800F762AD}.Release|Win32.Build.0 = Release|Win32
		{9793E1C3-A376-37B9-93D2-ED2800F762AD}.MinSizeRel|Win32.ActiveCfg = MinSizeRel|Win32
		{9793E1C3-A376-37B9-93D2-ED2800F762AD}.MinSizeRel|Win32.Build.0 = MinSizeRel|Win32
		{9793E1C3-A376-37B9-93D2-ED2800F762AD}.RelWithDebInfo|Win32.ActiveCfg = RelWithDebInfo|Win32
		{9793E1C3-A376-37B9-93D2-ED2800F762AD}.RelWithDebInfo|Win32.Build.0 = RelWithDebInfo|Win32
		{93500A53-247F-3D86-93E8-8DC3A0BB0A10}.Debug|Win32.ActiveCfg = Debug|Win32
		{93500A53-247F-3D86-93E8-8DC3A0BB0A10}.Debug|Win32.Build.0 = Debug|Win32
		{93500A53-247F-3D86-93E8-8DC3A0BB0A10}.Release|Win32.ActiveCfg = Release|Win32
		{93500A53-247F-3D86-93E8-8DC3A0BB0A10}.Release|Win32.Build.0 = Release|Win32
		{93500A53-247F-3D86-93E8-8DC3A0BB0A10}.MinSizeRel|Win32.ActiveCfg = MinSizeRel|Win32
		{93500A53-247F-3D86-93E8-8DC3A0BB0A10}.MinSizeRel|Win32.Build.0 = MinSizeRel|Win32
		{93500A53-247F-3D86-93E8-8DC3A0BB0A10}.RelWithDebInfo|Win32.ActiveCfg = RelWithDebInfo|Win32
		{93500A53-247F-3D86-93E8-8DC3A0BB0A10}.RelWithDebInfo|Win32.Build.0 = RelWithDebInfo|Win32
		{5367720F-2CD2-373D-8E82-6AB9A1CDC76B}.Debug|Win32.ActiveCfg = Debug|Win32
		{5367720F-2CD2-373D-8E82-6AB9A1CDC76B}.Debug|Win32.Build.0 = Debug|Win32
		{5367720F-2CD2-373D-8E82-6AB9A1CDC76B}.Release|Win32.ActiveCfg = Release|Win32
		{5367720F-2CD2-373D-8E82-6AB9A1CDC76B}.Release|Win32.Build.0 = Release|Win32
		{5367720F-2CD2-373D-8E82-6AB9A1CDC76B}.MinSizeRel|Win32.ActiveCfg = MinSizeRel|Win32
		{5367720F-2CD2-373D-8E82-6AB9A1CDC76B}.MinSizeRel|Win32.Build.0 = MinSizeRel|Win32
		{5367720F-2CD2-373D-8E82-6AB9A1CDC76B}.RelWithDebInfo|Win32.ActiveCfg = RelWithDebInfo|Win32
		{5367720F-2CD2-373D-8E82-6AB9A1CDC76B}.RelWithDebInfo|Win32.Build.0 = RelWithDebInfo|Win32
		{894AA61D-5683-32E7-BA8A-FF1B1EC9B299}.Debug|Win32.ActiveCfg = Debug|Win32
		{894AA61D-5683-32E7-BA8A-FF1B1EC9B299}.Debug|Win32.Build.0 = Debug|Win32
		{894AA61D-5683-32E7-BA8A-FF1B1EC9B299}.Release|Win32.ActiveCfg = Release|Win32
		{894AA61D-5683-32E7-BA8A-FF1B1EC9B299}.Release|Win32.Build.0 = Release|Win32
		{894AA61D-5683-32E7-BA8A-FF1B1EC9B299}.MinSizeRel|Win32.ActiveCfg = MinSizeRel|Win32
		{894AA61D-5683-32E7-BA8A-FF1B1EC9B299}.MinSizeRel|Win32.Build.0 = MinSizeRel|Win32
		{894AA61D-5683-32E7-BA8A-FF1B1EC9B299}.RelWithDebInfo|Win32.ActiveCfg = RelWithDebInfo|Win32
		{894AA61D-5683-32E7-BA8A-FF1B1EC9B299}.RelWithDebInfo|Win32.Build.0 = RelWithDebInfo|Win32
		{37A74A5F-209C-3699-B6DD-D12FBADF01B2}.Debug|Win32.ActiveCfg = Debug|Win32
		{37A74A5F-209C-3699-B6DD-D12FBADF01B2}.Debug|Win32.Build.0 = Debug|Win32
		{37A74A5F-209C-3699-B6DD-D12FBADF01B2}.Release|Win32.ActiveCfg = Release|Win32
		{37A74A5F-209C-3699-B6DD-D12FBADF01B2}.Release|Win32.Build.0 = Release|Win32
		{37A74A5F-209C-3699-B6DD-D12FBADF01B2}.MinSizeRel|Win32.ActiveCfg = MinSizeRel|Win32
		{37A74A5F-209C-3699-B6DD-D12FBADF01B2}.MinSizeRel|Win32.Build.0 = MinSizeRel|Win32
		{37A74A5F-209C-3699-B6DD-D12FBADF01B2}.RelWithDebInfo|Win32.ActiveCfg = RelWithDebInfo|Win32
		{37A74A5F-209C-3699-B6DD-D12FBADF01B2}.RelWithDebInfo|Win32.Build.0 = RelWithDebInfo|Win32
		{A57B4CF0-532C-3107-B3A5-BFF32462EAF8}.Debug|Win32.ActiveCfg = Debug|Win32
		{A57B4CF0-532C-3107-B3A5-BFF32462EAF8}.Debug|Win32.Build.0 = Debug|Win32
		{A57B4CF0-532C-3107-B3A5-BFF32462EAF8}.Release|Win32.ActiveCfg = Release|Win32
		{A57B4CF0-532C-3107-B3A5-BFF32462EAF8}.Release|Win32.Build.0 = Release|Win32
		{A57B4CF0-532C-3107-B3A5-BFF32462EAF8}.MinSizeRel|Win32.ActiveCfg = MinSizeRel|Win32
		{A57B4CF0-532C-3107-B3A5-BFF32462EAF8}.MinSizeRel|Win32.Build.0 = MinSizeRel|Win32
		{A57B4CF0-532C-3107-B3A5-BFF32462EAF8}.RelWithDebInfo|Win32.ActiveCfg = RelWithDebInfo|Win32
		{A57B4CF0-532C-3107-B3A5-BFF32462EAF8}.RelWithDebInfo|Win32.Build.0 = RelWithDebInfo|Win32
		{6D6DF21B-13CA-3875-AC49-8F8B93A0CEF9}.Debug|Win32.ActiveCfg = Debug|Win32
		{6D6DF21B-13CA-3875-AC49-8F8B93A0CEF9}.Debug|Win32.Build.0 = Debug|Win32
		{6D6DF21B-13CA-3875-AC49-8F8B93A0CEF9}.Release|Win32.ActiveCfg = Release|Win32
		{6D6DF21B-13CA-3875-AC49-8F8B93A0CEF9}.Release|Win32.Build.0 = Release|Win32
		{6D6DF21B-13CA-3875-AC49-8F8B93A0CEF9}.MinSizeRel|Win32.ActiveCfg = MinSizeRel|Win32
		{6D6DF21B-13CA-3875-AC49-8F8B93A0CEF9}.MinSizeRel|Win32.Build.0 = MinSizeRel|Win32
		{6D6DF21B-13CA-3875-AC49-8F8B93A0CEF9}.RelWithDebInfo|Win32.ActiveCfg = RelWithDebInfo|Win32
		{6D6DF21B-13CA-3875-AC49-8F8B93A0CEF9}.RelWithDebInfo|Win32.Build.0 = RelWithDebInfo|Win32
	EndGlobalSection
	GlobalSection(NestedProjects) = preSolution
		{47FD59A3-D00D-3F33-AE35-99B64A80F4D2} = {D6683714-1E71-34D9-B46F-EEBDBEB51C75}
		{2891A915-8D2A-387B-8E98-82A4830BD6EB} = {D6683714-1E71-34D9-B46F-EEBDBEB51C75}
		{47CD34A0-6EAA-3752-A6BF-53D814BDCD21} = {94CB20F5-B4C4-352A-997C-ECC687585A8B}
		{44587C80-B06D-33B4-8A71-BD03445C2210} = {94CB20F5-B4C4-352A-997C-ECC687585A8B}
		{E52E8B26-B178-3037-AB11-50AC47EA63F1} = {94CB20F5-B4C4-352A-997C-ECC687585A8B}
		{DD4FD2F5-9F78-3048-9405-D8E37C176279} = {94CB20F5-B4C4-352A-997C-ECC687585A8B}
		{49D88021-9789-32E6-85AC-DBE7866CB837} = {94CB20F5-B4C4-352A-997C-ECC687585A8B}
		{0A03E265-C51E-3039-B976-ADD1E080B5CE} = {94CB20F5-B4C4-352A-997C-ECC687585A8B}
		{B99AD3C2-4558-30E5-84D2-AD78FBBB33A2} = {94CB20F5-B4C4-352A-997C-ECC687585A8B}
		{B9A07BA6-4EFB-3F7A-937B-55AC525F140A} = {94CB20F5-B4C4-352A-997C-ECC687585A8B}
		{9793E1C3-A376-37B9-93D2-ED2800F762AD} = {94CB20F5-B4C4-352A-997C-ECC687585A8B}
		{93500A53-247F-3D86-93E8-8DC3A0BB0A10} = {94CB20F5-B4C4-352A-997C-ECC687585A8B}
		{5367720F-2CD2-373D-8E82-6AB9A1CDC76B} = {94CB20F5-B4C4-352A-997C-ECC687585A8B}
		{894AA61D-5683-32E7-BA8A-FF1B1EC9B299} = {94CB20F5-B4C4-352A-997C-ECC687585A8B}
		{37A74A5F-209C-3699-B6DD-D12FBADF01B2} = {94CB20F5-B4C4-352A-997C-ECC687585A8B}
		{BBB53C2C-78DE-3204-A974-420A23666068} = {CEC67BD4-CDD3-36D0-9C27-06146B59B349}
		{A57B4CF0-532C-3107-B3A5-BFF32462EAF8} = {CEC67BD4-CDD3-36D0-9C27-06146B59B349}
		{7F30616D-2C31-3CEA-B118-482A73D82537} = {94DF5B75-4EC0-3100-8FD1-FAB1629A99A1}
		{EFAEEB26-6091-3F7E-8CF3-780DBA97D9B9} = {94DF5B75-4EC0-3100-8FD1-FAB1629A99A1}
	EndGlobalSection
	GlobalSection(ExtensibilityGlobals) = postSolution
		SolutionGuid = {D8DAD4E4-5D0E-3597-9D3A-C0739BB3C5FD}
	EndGlobalSection
	GlobalSection(ExtensibilityAddIns) = postSolution
	EndGlobalSection
EndGlobal
